
Microsoft Visual Studio Solution File, Format Version 11.00
# Visual Studio 2010
Project("{FAE04EC0-301F-11D3-BF4B-00C04F79EFBC}") = "Assembly-CSharp", "Assembly-CSharp.csproj", "{F735C1B5-49A6-4E13-19E1-BB67C14075B8}"
EndProject
Global
	GlobalSection(SolutionConfigurationPlatforms) = preSolution
		Debug|Any CPU = Debug|Any CPU
		Release|Any CPU = Release|Any CPU
	EndGlobalSection
	GlobalSection(ProjectConfigurationPlatforms) = postSolution
		{F735C1B5-49A6-4E13-19E1-BB67C14075B8}.Debug|Any CPU.ActiveCfg = Debug|Any CPU
		{F735C1B5-49A6-4E13-19E1-BB67C14075B8}.Debug|Any CPU.Build.0 = Debug|Any CPU
		{F735C1B5-49A6-4E13-19E1-BB67C14075B8}.Release|Any CPU.ActiveCfg = Release|Any CPU
		{F735C1B5-49A6-4E13-19E1-BB67C14075B8}.Release|Any CPU.Build.0 = Release|Any CPU
	EndGlobalSection
	GlobalSection(SolutionProperties) = preSolution
		HideSolutionNode = FALSE
	EndGlobalSection
	GlobalSection(MonoDevelopProperties) = preSolution
		StartupItem = Assembly-CSharp.csproj
	EndGlobalSection
EndGlobal
